lockfileVersion: '9.0'

settings:
  autoInstallPeers: true
  excludeLinksFromLockfile: false

importers:

  .:
    devDependencies:
      '@biomejs/biome':
        specifier: 1.9.4
        version: 1.9.4
      '@types/node':
        specifier: 20.17.30
        version: 20.17.30
      ts-node:
        specifier: 9.0.0
        version: 9.0.0(typescript@5.8.3)
      turbo:
        specifier: 2.5.0
        version: 2.5.0
      typescript:
        specifier: 5.8.3
        version: 5.8.3

packages:

  '@biomejs/biome@1.9.4':
    resolution: {integrity: sha512-1rkd7G70+o9KkTn5KLmDYXihGoTaIGO9PIIN2ZB7UJxFrWw04CZHPYiMRjYsaDvVV7hP1dYNRLxSANLaBFGpog==}
    engines: {node: '>=14.21.3'}
    hasBin: true

  '@biomejs/cli-darwin-arm64@1.9.4':
    resolution: {integrity: sha512-bFBsPWrNvkdKrNCYeAp+xo2HecOGPAy9WyNyB/jKnnedgzl4W4Hb9ZMzYNbf8dMCGmUdSavlYHiR01QaYR58cw==}
    engines: {node: '>=14.21.3'}
    cpu: [arm64]
    os: [darwin]

  '@biomejs/cli-darwin-x64@1.9.4':
    resolution: {integrity: sha512-ngYBh/+bEedqkSevPVhLP4QfVPCpb+4BBe2p7Xs32dBgs7rh9nY2AIYUL6BgLw1JVXV8GlpKmb/hNiuIxfPfZg==}
    engines: {node: '>=14.21.3'}
    cpu: [x64]
    os: [darwin]

  '@biomejs/cli-linux-arm64-musl@1.9.4':
    resolution: {integrity: sha512-v665Ct9WCRjGa8+kTr0CzApU0+XXtRgwmzIf1SeKSGAv+2scAlW6JR5PMFo6FzqqZ64Po79cKODKf3/AAmECqA==}
    engines: {node: '>=14.21.3'}
    cpu: [arm64]
    os: [linux]

  '@biomejs/cli-linux-arm64@1.9.4':
    resolution: {integrity: sha512-fJIW0+LYujdjUgJJuwesP4EjIBl/N/TcOX3IvIHJQNsAqvV2CHIogsmA94BPG6jZATS4Hi+xv4SkBBQSt1N4/g==}
    engines: {node: '>=14.21.3'}
    cpu: [arm64]
    os: [linux]

  '@biomejs/cli-linux-x64-musl@1.9.4':
    resolution: {integrity: sha512-gEhi/jSBhZ2m6wjV530Yy8+fNqG8PAinM3oV7CyO+6c3CEh16Eizm21uHVsyVBEB6RIM8JHIl6AGYCv6Q6Q9Tg==}
    engines: {node: '>=14.21.3'}
    cpu: [x64]
    os: [linux]

  '@biomejs/cli-linux-x64@1.9.4':
    resolution: {integrity: sha512-lRCJv/Vi3Vlwmbd6K+oQ0KhLHMAysN8lXoCI7XeHlxaajk06u7G+UsFSO01NAs5iYuWKmVZjmiOzJ0OJmGsMwg==}
    engines: {node: '>=14.21.3'}
    cpu: [x64]
    os: [linux]

  '@biomejs/cli-win32-arm64@1.9.4':
    resolution: {integrity: sha512-tlbhLk+WXZmgwoIKwHIHEBZUwxml7bRJgk0X2sPyNR3S93cdRq6XulAZRQJ17FYGGzWne0fgrXBKpl7l4M87Hg==}
    engines: {node: '>=14.21.3'}
    cpu: [arm64]
    os: [win32]

  '@biomejs/cli-win32-x64@1.9.4':
    resolution: {integrity: sha512-8Y5wMhVIPaWe6jw2H+KlEm4wP/f7EW3810ZLmDlrEEy5KvBsb9ECEfu/kMWD484ijfQ8+nIi0giMgu9g1UAuuA==}
    engines: {node: '>=14.21.3'}
    cpu: [x64]
    os: [win32]

  '@types/node@20.17.30':
    resolution: {integrity: sha512-7zf4YyHA+jvBNfVrk2Gtvs6x7E8V+YDW05bNfG2XkWDJfYRXrTiP/DsB2zSYTaHX0bGIujTBQdMVAhb+j7mwpg==}

  arg@4.1.3:
    resolution: {integrity: sha512-58S9QDqG0Xx27YwPSt9fJxivjYl432YCwfDMfZ+71RAqUrZef7LrKQZ3LHLOwCS4FLNBplP533Zx895SeOCHvA==}

  buffer-from@1.1.2:
    resolution: {integrity: sha512-E+XQCRwSbaaiChtv6k6Dwgc+bx+Bs6vuKJHHl5kox/BaKbhiXzqQOwK4cO22yElGp2OCmjwVhT3HmxgyPGnJfQ==}

  diff@4.0.2:
    resolution: {integrity: sha512-58lmxKSA4BNyLz+HHMUzlOEpg09FV+ev6ZMe3vJihgdxzgcwZ8VoEEPmALCZG9LmqfVoNMMKpttIYTVG6uDY7A==}
    engines: {node: '>=0.3.1'}

  make-error@1.3.6:
    resolution: {integrity: sha512-s8UhlNe7vPKomQhC1qFelMokr/Sc3AgNbso3n74mVPA5LTZwkB9NlXf4XPamLxJE8h0gh73rM94xvwRT2CVInw==}

  source-map-support@0.5.21:
    resolution: {integrity: sha512-uBHU3L3czsIyYXKX88fdrGovxdSCoTGDRZ6SYXtSRxLZUzHg5P/66Ht6uoUlHu9EZod+inXhKo3qQgwXUT/y1w==}

  source-map@0.6.1:
    resolution: {integrity: sha512-UjgapumWlbMhkBgzT7Ykc5YXUT46F0iKu8SGXq0bcwP5dz/h0Plj6enJqjz1Zbq2l5WaqYnrVbwWOWMyF3F47g==}
    engines: {node: '>=0.10.0'}

  ts-node@9.0.0:
    resolution: {integrity: sha512-/TqB4SnererCDR/vb4S/QvSZvzQMJN8daAslg7MeaiHvD8rDZsSfXmNeNumyZZzMned72Xoq/isQljYSt8Ynfg==}
    engines: {node: '>=10.0.0'}
    hasBin: true
    peerDependencies:
      typescript: '>=2.7'

  turbo-darwin-64@2.5.0:
    resolution: {integrity: sha512-fP1hhI9zY8hv0idym3hAaXdPi80TLovmGmgZFocVAykFtOxF+GlfIgM/l4iLAV9ObIO4SUXPVWHeBZQQ+Hpjag==}
    cpu: [x64]
    os: [darwin]

  turbo-darwin-arm64@2.5.0:
    resolution: {integrity: sha512-p9sYq7kXH7qeJwIQE86cOWv/xNqvow846l6c/qWc26Ib1ci5W7V0sI5thsrP3eH+VA0d+SHalTKg5SQXgNQBWA==}
    cpu: [arm64]
    os: [darwin]

  turbo-linux-64@2.5.0:
    resolution: {integrity: sha512-1iEln2GWiF3iPPPS1HQJT6ZCFXynJPd89gs9SkggH2EJsj3eRUSVMmMC8y6d7bBbhBFsiGGazwFIYrI12zs6uQ==}
    cpu: [x64]
    os: [linux]

  turbo-linux-arm64@2.5.0:
    resolution: {integrity: sha512-bKBcbvuQHmsX116KcxHJuAcppiiBOfivOObh2O5aXNER6mce7YDDQJy00xQQNp1DhEfcSV2uOsvb3O3nN2cbcA==}
    cpu: [arm64]
    os: [linux]

  turbo-windows-64@2.5.0:
    resolution: {integrity: sha512-9BCo8oQ7BO7J0K913Czbc3tw8QwLqn2nTe4E47k6aVYkM12ASTScweXPTuaPFP5iYXAT6z5Dsniw704Ixa5eGg==}
    cpu: [x64]
    os: [win32]

  turbo-windows-arm64@2.5.0:
    resolution: {integrity: sha512-OUHCV+ueXa3UzfZ4co/ueIHgeq9B2K48pZwIxKSm5VaLVuv8M13MhM7unukW09g++dpdrrE1w4IOVgxKZ0/exg==}
    cpu: [arm64]
    os: [win32]

  turbo@2.5.0:
    resolution: {integrity: sha512-PvSRruOsitjy6qdqwIIyolv99+fEn57gP6gn4zhsHTEcCYgXPhv6BAxzAjleS8XKpo+Y582vTTA9nuqYDmbRuA==}
    hasBin: true

  typescript@5.8.3:
    resolution: {integrity: sha512-p1diW6TqL9L07nNxvRMM7hMMw4c5XOo/1ibL4aAIGmSAt9slTE1Xgw5KWuof2uTOvCg9BY7ZRi+GaF+7sfgPeQ==}
    engines: {node: '>=14.17'}
    hasBin: true

  undici-types@6.19.8:
    resolution: {integrity: sha512-ve2KP6f/JnbPBFyobGHuerC9g1FYGn/F8n1LWTwNxCEzd6IfqTwUQcNXgEtmmQ6DlRrC1hrSrBnCZPokRrDHjw==}

  yn@3.1.1:
    resolution: {integrity: sha512-Ux4ygGWsu2c7isFWe8Yu1YluJmqVhxqK2cLXNQA5AcC3QfbGNpM7fu0Y8b/z16pXLnFxZYvWhd3fhBY9DLmC6Q==}
    engines: {node: '>=6'}

snapshots:

  '@biomejs/biome@1.9.4':
    optionalDependencies:
      '@biomejs/cli-darwin-arm64': 1.9.4
      '@biomejs/cli-darwin-x64': 1.9.4
      '@biomejs/cli-linux-arm64': 1.9.4
      '@biomejs/cli-linux-arm64-musl': 1.9.4
      '@biomejs/cli-linux-x64': 1.9.4
      '@biomejs/cli-linux-x64-musl': 1.9.4
      '@biomejs/cli-win32-arm64': 1.9.4
      '@biomejs/cli-win32-x64': 1.9.4

  '@biomejs/cli-darwin-arm64@1.9.4':
    optional: true

  '@biomejs/cli-darwin-x64@1.9.4':
    optional: true

  '@biomejs/cli-linux-arm64-musl@1.9.4':
    optional: true

  '@biomejs/cli-linux-arm64@1.9.4':
    optional: true

  '@biomejs/cli-linux-x64-musl@1.9.4':
    optional: true

  '@biomejs/cli-linux-x64@1.9.4':
    optional: true

  '@biomejs/cli-win32-arm64@1.9.4':
    optional: true

  '@biomejs/cli-win32-x64@1.9.4':
    optional: true

  '@types/node@20.17.30':
    dependencies:
      undici-types: 6.19.8

  arg@4.1.3: {}

  buffer-from@1.1.2: {}

  diff@4.0.2: {}

  make-error@1.3.6: {}

  source-map-support@0.5.21:
    dependencies:
      buffer-from: 1.1.2
      source-map: 0.6.1

  source-map@0.6.1: {}

  ts-node@9.0.0(typescript@5.8.3):
    dependencies:
      arg: 4.1.3
      diff: 4.0.2
      make-error: 1.3.6
      source-map-support: 0.5.21
      typescript: 5.8.3
      yn: 3.1.1

  turbo-darwin-64@2.5.0:
    optional: true

  turbo-darwin-arm64@2.5.0:
    optional: true

  turbo-linux-64@2.5.0:
    optional: true

  turbo-linux-arm64@2.5.0:
    optional: true

  turbo-windows-64@2.5.0:
    optional: true

  turbo-windows-arm64@2.5.0:
    optional: true

  turbo@2.5.0:
    optionalDependencies:
      turbo-darwin-64: 2.5.0
      turbo-darwin-arm64: 2.5.0
      turbo-linux-64: 2.5.0
      turbo-linux-arm64: 2.5.0
      turbo-windows-64: 2.5.0
      turbo-windows-arm64: 2.5.0

  typescript@5.8.3: {}

  undici-types@6.19.8: {}

  yn@3.1.1: {}
