lockfileVersion: '9.0'

settings:
  autoInstallPeers: true
  excludeLinksFromLockfile: false

importers:

  .:
    dependencies:
      rx-subject:
        specifier: 3.1.0
        version: 3.1.0
      rxjs:
        specifier: 6.6.3
        version: 6.6.3

packages:

  rx-subject@3.1.0:
    resolution: {integrity: sha512-h4/5io6/6oZm6xKv0Do4gdjt4lUGJ917ZE/MznZ2YkwEoQRp1NgCQjlN8J1jGBjs0EH6L9uWjj/J3I0ct6yIdA==}

  rxjs@6.6.3:
    resolution: {integrity: sha512-trsQc+xYYXZ3urjOiJOuCOa5N3jAZ3eiSpQB5hIT8zGlL2QfnHLJ2r7GMkBGuIausdJN1OneaI6gQlsqNHHmZQ==}
    engines: {npm: '>=2.0.0'}

  tslib@1.14.1:
    resolution: {integrity: sha512-Xni35NKzjgMrwevysHTCArtLDpPvye8zV/0E4EyYn43P7/7qvQwPh9BGkHewbMulVntbigmcT7rdX3BNo9wRJg==}

snapshots:

  rx-subject@3.1.0: {}

  rxjs@6.6.3:
    dependencies:
      tslib: 1.14.1

  tslib@1.14.1: {}
