lockfileVersion: '9.0'

settings:
  autoInstallPeers: true
  excludeLinksFromLockfile: false

importers:

  .:
    dependencies:
      rx-subject:
        specifier: 3.1.0
        version: 3.1.0
      rxjs:
        specifier: 7.8.2
        version: 7.8.2

packages:

  rx-subject@3.1.0:
    resolution: {integrity: sha512-h4/5io6/6oZm6xKv0Do4gdjt4lUGJ917ZE/MznZ2YkwEoQRp1NgCQjlN8J1jGBjs0EH6L9uWjj/J3I0ct6yIdA==}

  rxjs@7.8.2:
    resolution: {integrity: sha512-dhKf903U/PQZY6boNNtAGdWbG85WAbjT/1xYoZIC7FAY0yWapOBQVsVrDl58W86//e1VpMNBtRV4MaXfdMySFA==}

  tslib@2.8.1:
    resolution: {integrity: sha512-oJFu94HQb+KVduSUQL7wnpmqnfmLsOA/nAh6b6EH0wCEoK0/mPeXU6c3wKDV83MkOuHPRHtSXKKU99IBazS/2w==}

snapshots:

  rx-subject@3.1.0: {}

  rxjs@7.8.2:
    dependencies:
      tslib: 2.8.1

  tslib@2.8.1: {}
